{
  "version": 4,
  "terraform_version": "1.12.2",
  "serial": 15,
  "lineage": "c48846c9-568e-3b1c-819d-72ec659c353a",
  "outputs": {
    "app_insights_instrumentation_key": {
      "value": "deaadc8d-5259-4da0-82c0-ac890885fda2",
      "type": "string",
      "sensitive": true
    }
  },
  "resources": [
    {
      "mode": "managed",
      "type": "azurerm_application_insights",
      "name": "app_insights",
      "provider": "provider[\"registry.terraform.io/hashicorp/azurerm\"]",
      "instances": [
        {
          "schema_version": 2,
          "attributes": {
            "app_id": "d595abfe-1baf-4745-aac9-8bf7e6365011",
            "application_type": "web",
            "connection_string": "InstrumentationKey=deaadc8d-5259-4da0-82c0-ac890885fda2;IngestionEndpoint=https://eastus2-3.in.applicationinsights.azure.com/;LiveEndpoint=https://eastus2.livediagnostics.monitor.azure.com/;ApplicationId=d595abfe-1baf-4745-aac9-8bf7e6365011",
            "daily_data_cap_in_gb": 100,
            "daily_data_cap_notifications_disabled": false,
            "disable_ip_masking": false,
            "force_customer_storage_for_profiler": false,
            "id": "/subscriptions/71af3639-252e-4f2d-9acc-b5ad2aa7c74c/resourceGroups/resumeoncloud-rg/providers/Microsoft.Insights/components/ResumeOnCloud-appinsights",
            "instrumentation_key": "deaadc8d-5259-4da0-82c0-ac890885fda2",
            "internet_ingestion_enabled": true,
            "internet_query_enabled": true,
            "local_authentication_disabled": false,
            "location": "eastus2",
            "name": "ResumeOnCloud-appinsights",
            "resource_group_name": "resumeoncloud-rg",
            "retention_in_days": 30,
            "sampling_percentage": 100,
            "tags": {},
            "timeouts": null,
            "workspace_id": "/subscriptions/71af3639-252e-4f2d-9acc-b5ad2aa7c74c/resourceGroups/ai_resumeoncloud-appinsights_d595abfe-1baf-4745-aac9-8bf7e6365011_managed/providers/Microsoft.OperationalInsights/workspaces/managed-ResumeOnCloud-appinsights-ws"
          },
          "sensitive_attributes": [
            [
              {
                "type": "get_attr",
                "value": "connection_string"
              }
            ],
            [
              {
                "type": "get_attr",
                "value": "instrumentation_key"
              }
            ]
          ],
          "identity_schema_version": 0,
          "private": "eyJlMmJmYjczMC1lY2FhLTExZTYtOGY4OC0zNDM2M2JjN2M0YzAiOnsiY3JlYXRlIjozNjAwMDAwMDAwMDAwLCJkZWxldGUiOjE4MDAwMDAwMDAwMDAsInJlYWQiOjMwMDAwMDAwMDAwMCwidXBkYXRlIjoxODAwMDAwMDAwMDAwfSwic2NoZW1hX3ZlcnNpb24iOiIyIn0=",
          "dependencies": [
            "azurerm_resource_group.rg"
          ]
        }
      ]
    },
    {
      "mode": "managed",
      "type": "azurerm_resource_group",
      "name": "rg",
      "provider": "provider[\"registry.terraform.io/hashicorp/azurerm\"]",
      "instances": [
        {
          "schema_version": 0,
          "attributes": {
            "id": "/subscriptions/71af3639-252e-4f2d-9acc-b5ad2aa7c74c/resourceGroups/resumeoncloud-rg",
            "location": "eastus2",
            "managed_by": "",
            "name": "resumeoncloud-rg",
            "tags": {},
            "timeouts": null
          },
          "sensitive_attributes": [],
          "identity_schema_version": 0,
          "private": "eyJlMmJmYjczMC1lY2FhLTExZTYtOGY4OC0zNDM2M2JjN2M0YzAiOnsiY3JlYXRlIjo1NDAwMDAwMDAwMDAwLCJkZWxldGUiOjU0MDAwMDAwMDAwMDAsInJlYWQiOjMwMDAwMDAwMDAwMCwidXBkYXRlIjo1NDAwMDAwMDAwMDAwfX0="
        }
      ]
    },
    {
      "mode": "managed",
      "type": "azurerm_static_web_app",
      "name": "static_web_app",
      "provider": "provider[\"registry.terraform.io/hashicorp/azurerm\"]",
      "instances": [
        {
          "schema_version": 0,
          "attributes": {
            "api_key": "yourkey",
            "app_settings": {},
            "basic_auth": [],
            "configuration_file_changes_enabled": true,
            "default_host_name": "blue-ocean-0539c380f.2.azurestaticapps.net",
            "id": "/subscriptions/71af3639-252e-4f2d-9acc-b5ad2aa7c74c/resourceGroups/resumeoncloud-rg/providers/Microsoft.Web/staticSites/resume-webapp",
            "identity": [],
            "location": "eastus2",
            "name": "resume-webapp",
            "preview_environments_enabled": true,
            "public_network_access_enabled": true,
            "repository_branch": "main",
            "repository_token": "",
            "repository_url": "https://github.com/AKshayhere1018/PersonalPortfolioAK",
            "resource_group_name": "resumeoncloud-rg",
            "sku_size": "Free",
            "sku_tier": "Free",
            "tags": {},
            "timeouts": null
          },
          "sensitive_attributes": [
            [
              {
                "type": "get_attr",
                "value": "api_key"
              }
            ],
            [
              {
                "type": "get_attr",
                "value": "repository_token"
              }
            ]
          ],
          "identity_schema_version": 0,
          "private": "eyJlMmJmYjczMC1lY2FhLTExZTYtOGY4OC0zNDM2M2JjN2M0YzAiOnsiY3JlYXRlIjoxODAwMDAwMDAwMDAwLCJkZWxldGUiOjE4MDAwMDAwMDAwMDAsInJlYWQiOjMwMDAwMDAwMDAwMCwidXBkYXRlIjoxODAwMDAwMDAwMDAwfX0=",
          "dependencies": [
            "azurerm_resource_group.rg"
          ]
        }
      ]
    }
  ],
  "check_results": null
}
